{
  "originHash" : "e14e44ac3b0992e2e425def96058d71e3f0108282b1eec6bbaae443c5429dc94",
  "pins" : [
    {
      "identity" : "swift-argument-parser",
      "kind" : "remoteSourceControl",
      "location" : "https://github.com/apple/swift-argument-parser",
      "state" : {
        "revision" : "6a52f3251125d74daf04fcbd5e6f08a75d074382",
        "version" : "1.8.2"
      }
    },
    {
      "identity" : "swift-syntax",
      "kind" : "remoteSourceControl",
      "location" : "https://github.com/swiftlang/swift-syntax",
      "state" : {
        "revision" : "050f1a346fbbac0ca2cfb15a95274f7bd1cf0ccf",
        "version" : "604.0.0"
      }
    },
    {
      "identity" : "swift-system",
      "kind" : "remoteSourceControl",
      "location" : "https://github.com/apple/swift-system",
      "state" : {
        "revision" : "0b30161977799fd949f7f6848586b82ff6764f73",
        "version" : "1.6.6"
      }
    },
    {
      "identity" : "swiftsoup",
      "kind" : "remoteSourceControl",
      "location" : "https://github.com/scinfu/SwiftSoup.git",
      "state" : {
        "revision" : "18b80329749eca5ea29fc50211dca5c7eff5bfec",
        "version" : "2.13.9"
      }
    },
    {
      "identity" : "wasmkit",
      "kind" : "remoteSourceControl",
      "location" : "https://github.com/swiftwasm/WasmKit.git",
      "state" : {
        "revision" : "a0471eaee817c523b8023d8ebb1c70ff70b7950a",
        "version" : "0.4.1"
      }
    },
    {
      "identity" : "zipmello",
      "kind" : "remoteSourceControl",
      "location" : "https://github.com/ChrisRodStar/zipmello.git",
      "state" : {
        "revision" : "f6e1f5d066a2c211afebb482aea2f3fde25371a6",
        "version" : "1.0.0"
      }
    }
  ],
  "version" : 3
}
